
Microsoft Visual Studio Solution File, Format Version 12.00
# Visual Studio Version 16
VisualStudioVersion = 16.0.29306.81
MinimumVisualStudioVersion = 10.0.40219.1
Project("{FAE04EC0-301F-11D3-BF4B-00C04F79EFBC}") = "Buy_And_Sell_House_Core_Webapp", "Buy_And_Sell_House_Core_Webapp.csproj", "{EC194D7F-2A96-45A5-B038-B90C8F1F6984}"
EndProject
Global
	GlobalSection(SolutionConfigurationPlatforms) = preSolution
		Debug|Any CPU = Debug|Any CPU
		Release|Any CPU = Release|Any CPU
	EndGlobalSection
	GlobalSection(ProjectConfigurationPlatforms) = postSolution
		{EC194D7F-2A96-45A5-B038-B90C8F1F6984}.Debug|Any CPU.ActiveCfg = Debug|Any CPU
		{EC194D7F-2A96-45A5-B038-B90C8F1F6984}.Debug|Any CPU.Build.0 = Debug|Any CPU
		{EC194D7F-2A96-45A5-B038-B90C8F1F6984}.Release|Any CPU.ActiveCfg = Release|Any CPU
		{EC194D7F-2A96-45A5-B038-B90C8F1F6984}.Release|Any CPU.Build.0 = Release|Any CPU
	EndGlobalSection
	GlobalSection(SolutionProperties) = preSolution
		HideSolutionNode = FALSE
	EndGlobalSection
	GlobalSection(ExtensibilityGlobals) = postSolution
		SolutionGuid = {1908A012-0442-4DC7-8E0F-BC923595DE14}
	EndGlobalSection
EndGlobal
